// !$*UTF8*$!
{
	archiveVersion = 1;
	classes = {
	};
	objectVersion = 50;
	objects = {

/* Begin PBXBuildFile section */
		E7156DA124F8FCF5002B5FD9 /* CustomButton.swift in Sources */ = {isa = PBXBuildFile; fileRef = E7156DA024F8FCF5002B5FD9 /* CustomButton.swift */; };
		E7321F1224ED5B8A00D2D05A /* OverlayScene.swift in Sources */ = {isa = PBXBuildFile; fileRef = E7321F1124ED5B8A00D2D05A /* OverlayScene.swift */; };
		E7554B5224EFFF7900868C86 /* ShootButton.swift in Sources */ = {isa = PBXBuildFile; fileRef = E7554B5124EFFF7900868C86 /* ShootButton.swift */; };
		E76519E924EAC9F800357A71 /* AppDelegate.swift in Sources */ = {isa = PBXBuildFile; fileRef = E76519E824EAC9F800357A71 /* AppDelegate.swift */; };
		E76519ED24EAC9F800357A71 /* GameViewController.swift in Sources */ = {isa = PBXBuildFile; fileRef = E76519EC24EAC9F800357A71 /* GameViewController.swift */; };
		E76519F024EAC9F800357A71 /* Main.storyboard in Resources */ = {isa = PBXBuildFile; fileRef = E76519EE24EAC9F800357A71 /* Main.storyboard */; };
		E76519F224EAC9FB00357A71 /* Assets.xcassets in Resources */ = {isa = PBXBuildFile; fileRef = E76519F124EAC9FB00357A71 /* Assets.xcassets */; };
		E76519F524EAC9FB00357A71 /* LaunchScreen.storyboard in Resources */ = {isa = PBXBuildFile; fileRef = E76519F324EAC9FB00357A71 /* LaunchScreen.storyboard */; };
		E7651A0024EAD0F600357A71 /* art.scnassets in Resources */ = {isa = PBXBuildFile; fileRef = E76519FF24EAD0F600357A71 /* art.scnassets */; };
		E788263024EE9A9500469714 /* SteeringNode.swift in Sources */ = {isa = PBXBuildFile; fileRef = E788262F24EE9A9500469714 /* SteeringNode.swift */; };
/* End PBXBuildFile section */

/* Begin PBXFileReference section */
		E7156DA024F8FCF5002B5FD9 /* CustomButton.swift */ = {isa = PBXFileReference; lastKnownFileType = sourcecode.swift; path = CustomButton.swift; sourceTree = "<group>"; };
		E7321F1124ED5B8A00D2D05A /* OverlayScene.swift */ = {isa = PBXFileReference; lastKnownFileType = sourcecode.swift; path = OverlayScene.swift; sourceTree = "<group>"; };
		E7554B5124EFFF7900868C86 /* ShootButton.swift */ = {isa = PBXFileReference; lastKnownFileType = sourcecode.swift; path = ShootButton.swift; sourceTree = "<group>"; };
		E76519E524EAC9F800357A71 /* flightSimulator.app */ = {isa = PBXFileReference; explicitFileType = wrapper.application; includeInIndex = 0; path = flightSimulator.app; sourceTree = BUILT_PRODUCTS_DIR; };
		E76519E824EAC9F800357A71 /* AppDelegate.swift */ = {isa = PBXFileReference; lastKnownFileType = sourcecode.swift; path = AppDelegate.swift; sourceTree = "<group>"; };
		E76519EC24EAC9F800357A71 /* GameViewController.swift */ = {isa = PBXFileReference; lastKnownFileType = sourcecode.swift; path = GameViewController.swift; sourceTree = "<group>"; };
		E76519EF24EAC9F800357A71 /* Base */ = {isa = PBXFileReference; lastKnownFileType = file.storyboard; name = Base; path = Base.lproj/Main.storyboard; sourceTree = "<group>"; };
		E76519F124EAC9FB00357A71 /* Assets.xcassets */ = {isa = PBXFileReference; lastKnownFileType = folder.assetcatalog; path = Assets.xcassets; sourceTree = "<group>"; };
		E76519F424EAC9FB00357A71 /* Base */ = {isa = PBXFileReference; lastKnownFileType = file.storyboard; name = Base; path = Base.lproj/LaunchScreen.storyboard; sourceTree = "<group>"; };
		E76519F624EAC9FB00357A71 /* Info.plist */ = {isa = PBXFileReference; lastKnownFileType = text.plist.xml; path = Info.plist; sourceTree = "<group>"; };
		E76519FF24EAD0F600357A71 /* art.scnassets */ = {isa = PBXFileReference; lastKnownFileType = wrapper.scnassets; path = art.scnassets; sourceTree = "<group>"; };
		E788262F24EE9A9500469714 /* SteeringNode.swift */ = {isa = PBXFileReference; lastKnownFileType = sourcecode.swift; path = SteeringNode.swift; sourceTree = "<group>"; };
/* End PBXFileReference section */

/* Begin PBXFrameworksBuildPhase section */
		E76519E224EAC9F800357A71 /* Frameworks */ = {
			isa = PBXFrameworksBuildPhase;
			buildActionMask = 2147483647;
			files = (
			);
			runOnlyForDeploymentPostprocessing = 0;
		};
/* End PBXFrameworksBuildPhase section */

/* Begin PBXGroup section */
		E76519DC24EAC9F800357A71 = {
			isa = PBXGroup;
			children = (
				E76519E724EAC9F800357A71 /* flightSimulator */,
				E76519E624EAC9F800357A71 /* Products */,
			);
			sourceTree = "<group>";
		};
		E76519E624EAC9F800357A71 /* Products */ = {
			isa = PBXGroup;
			children = (
				E76519E524EAC9F800357A71 /* flightSimulator.app */,
			);
			name = Products;
			sourceTree = "<group>";
		};
		E76519E724EAC9F800357A71 /* flightSimulator */ = {
			isa = PBXGroup;
			children = (
				E76519FF24EAD0F600357A71 /* art.scnassets */,
				E76519E824EAC9F800357A71 /* AppDelegate.swift */,
				E76519EC24EAC9F800357A71 /* GameViewController.swift */,
				E7321F1124ED5B8A00D2D05A /* OverlayScene.swift */,
				E788262F24EE9A9500469714 /* SteeringNode.swift */,
				E7554B5124EFFF7900868C86 /* ShootButton.swift */,
				E7156DA024F8FCF5002B5FD9 /* CustomButton.swift */,
				E76519EE24EAC9F800357A71 /* Main.storyboard */,
				E76519F124EAC9FB00357A71 /* Assets.xcassets */,
				E76519F324EAC9FB00357A71 /* LaunchScreen.storyboard */,
				E76519F624EAC9FB00357A71 /* Info.plist */,
			);
			path = flightSimulator;
			sourceTree = "<group>";
		};
/* End PBXGroup section */

/* Begin PBXNativeTarget section */
		E76519E424EAC9F800357A71 /* flightSimulator */ = {
			isa = PBXNativeTarget;
			buildConfigurationList = E76519F924EAC9FB00357A71 /* Build configuration list for PBXNativeTarget "flightSimulator" */;
			buildPhases = (
				E76519E124EAC9F800357A71 /* Sources */,
				E76519E224EAC9F800357A71 /* Frameworks */,
				E76519E324EAC9F800357A71 /* Resources */,
			);
			buildRules = (
			);
			dependencies = (
			);
			name = flightSimulator;
			productName = flightSimulator;
			productReference = E76519E524EAC9F800357A71 /* flightSimulator.app */;
			productType = "com.apple.product-type.application";
		};
/* End PBXNativeTarget section */

/* Begin PBXProject section */
		E76519DD24EAC9F800357A71 /* Project object */ = {
			isa = PBXProject;
			attributes = {
				LastSwiftUpdateCheck = 1160;
				LastUpgradeCheck = 1160;
				ORGANIZATIONNAME = Kacper;
				TargetAttributes = {
					E76519E424EAC9F800357A71 = {
						CreatedOnToolsVersion = 11.6;
					};
				};
			};
			buildConfigurationList = E76519E024EAC9F800357A71 /* Build configuration list for PBXProject "flightSimulator" */;
			compatibilityVersion = "Xcode 9.3";
			developmentRegion = en;
			hasScannedForEncodings = 0;
			knownRegions = (
				en,
				Base,
			);
			mainGroup = E76519DC24EAC9F800357A71;
			productRefGroup = E76519E624EAC9F800357A71 /* Products */;
			projectDirPath = "";
			projectRoot = "";
			targets = (
				E76519E424EAC9F800357A71 /* flightSimulator */,
			);
		};
/* End PBXProject section */

/* Begin PBXResourcesBuildPhase section */
		E76519E324EAC9F800357A71 /* Resources */ = {
			isa = PBXResourcesBuildPhase;
			buildActionMask = 2147483647;
			files = (
				E76519F524EAC9FB00357A71 /* LaunchScreen.storyboard in Resources */,
				E7651A0024EAD0F600357A71 /* art.scnassets in Resources */,
				E76519F224EAC9FB00357A71 /* Assets.xcassets in Resources */,
				E76519F024EAC9F800357A71 /* Main.storyboard in Resources */,
			);
			runOnlyForDeploymentPostprocessing = 0;
		};
/* End PBXResourcesBuildPhase section */

/* Begin PBXSourcesBuildPhase section */
		E76519E124EAC9F800357A71 /* Sources */ = {
			isa = PBXSourcesBuildPhase;
			buildActionMask = 2147483647;
			files = (
				E788263024EE9A9500469714 /* SteeringNode.swift in Sources */,
				E76519ED24EAC9F800357A71 /* GameViewController.swift in Sources */,
				E7156DA124F8FCF5002B5FD9 /* CustomButton.swift in Sources */,
				E76519E924EAC9F800357A71 /* AppDelegate.swift in Sources */,
				E7321F1224ED5B8A00D2D05A /* OverlayScene.swift in Sources */,
				E7554B5224EFFF7900868C86 /* ShootButton.swift in Sources */,
			);
			runOnlyForDeploymentPostprocessing = 0;
		};
/* End PBXSourcesBuildPhase section */

/* Begin PBXVariantGroup section */
		E76519EE24EAC9F800357A71 /* Main.storyboard */ = {
			isa = PBXVariantGroup;
			children = (
				E76519EF24EAC9F800357A71 /* Base */,
			);
			name = Main.storyboard;
			sourceTree = "<group>";
		};
		E76519F324EAC9FB00357A71 /* LaunchScreen.storyboard */ = {
			isa = PBXVariantGroup;
			children = (
				E76519F424EAC9FB00357A71 /* Base */,
			);
			name = LaunchScreen.storyboard;
			sourceTree = "<group>";
		};
/* End PBXVariantGroup section */

/* Begin XCBuildConfiguration section */
		E76519F724EAC9FB00357A71 /* Debug */ = {
			isa = XCBuildConfiguration;
			buildSettings = {
				ALWAYS_SEARCH_USER_PATHS = NO;
				CLANG_ANALYZER_NONNULL = YES;
				CLANG_ANALYZER_NUMBER_OBJECT_CONVERSION = YES_AGGRESSIVE;
				CLANG_CXX_LANGUAGE_STANDARD = "gnu++14";
				CLANG_CXX_LIBRARY = "libc++";
				CLANG_ENABLE_MODULES = YES;
				CLANG_ENABLE_OBJC_ARC = YES;
				CLANG_ENABLE_OBJC_WEAK = YES;
				CLANG_WARN_BLOCK_CAPTURE_AUTORELEASING = YES;
				CLANG_WARN_BOOL_CONVERSION = YES;
				CLANG_WARN_COMMA = YES;
				CLANG_WARN_CONSTANT_CONVERSION = YES;
				CLANG_WARN_DEPRECATED_OBJC_IMPLEMENTATIONS = YES;
				CLANG_WARN_DIRECT_OBJC_ISA_USAGE = YES_ERROR;
				CLANG_WARN_DOCUMENTATION_COMMENTS = YES;
				CLANG_WARN_EMPTY_BODY = YES;
				CLANG_WARN_ENUM_CONVERSION = YES;
				CLANG_WARN_INFINITE_RECURSION = YES;
				CLANG_WARN_INT_CONVERSION = YES;
				CLANG_WARN_NON_LITERAL_NULL_CONVERSION = YES;
				CLANG_WARN_OBJC_IMPLICIT_RETAIN_SELF = YES;
				CLANG_WARN_OBJC_LITERAL_CONVERSION = YES;
				CLANG_WARN_OBJC_ROOT_CLASS = YES_ERROR;
				CLANG_WARN_RANGE_LOOP_ANALYSIS = YES;
				CLANG_WARN_STRICT_PROTOTYPES = YES;
				CLANG_WARN_SUSPICIOUS_MOVE = YES;
				CLANG_WARN_UNGUARDED_AVAILABILITY = YES_AGGRESSIVE;
				CLANG_WARN_UNREACHABLE_CODE = YES;
				CLANG_WARN__DUPLICATE_METHOD_MATCH = YES;
				COPY_PHASE_STRIP = NO;
				DEBUG_INFORMATION_FORMAT = dwarf;
				ENABLE_STRICT_OBJC_MSGSEND = YES;
				ENABLE_TESTABILITY = YES;
				GCC_C_LANGUAGE_STANDARD = gnu11;
				GCC_DYNAMIC_NO_PIC = NO;
				GCC_NO_COMMON_BLOCKS = YES;
				GCC_OPTIMIZATION_LEVEL = 0;
				GCC_PREPROCESSOR_DEFINITIONS = (
					"DEBUG=1",
					"$(inherited)",
				);
				GCC_WARN_64_TO_32_BIT_CONVERSION = YES;
				GCC_WARN_ABOUT_RETURN_TYPE = YES_ERROR;
				GCC_WARN_UNDECLARED_SELECTOR = YES;
				GCC_WARN_UNINITIALIZED_AUTOS = YES_AGGRESSIVE;
				GCC_WARN_UNUSED_FUNCTION = YES;
				GCC_WARN_UNUSED_VARIABLE = YES;
				IPHONEOS_DEPLOYMENT_TARGET = 13.6;
				MTL_ENABLE_DEBUG_INFO = INCLUDE_SOURCE;
				MTL_FAST_MATH = YES;
				ONLY_ACTIVE_ARCH = YES;
				SDKROOT = iphoneos;
				SWIFT_ACTIVE_COMPILATION_CONDITIONS = DEBUG;
				SWIFT_OPTIMIZATION_LEVEL = "-Onone";
			};
			name = Debug;
		};
		E76519F824EAC9FB00357A71 /* Release */ = {
			isa = XCBuildConfiguration;
			buildSettings = {
				ALWAYS_SEARCH_USER_PATHS = NO;
				CLANG_ANALYZER_NONNULL = YES;
				CLANG_ANALYZER_NUMBER_OBJECT_CONVERSION = YES_AGGRESSIVE;
				CLANG_CXX_LANGUAGE_STANDARD = "gnu++14";
				CLANG_CXX_LIBRARY = "libc++";
				CLANG_ENABLE_MODULES = YES;
				CLANG_ENABLE_OBJC_ARC = YES;
				CLANG_ENABLE_OBJC_WEAK = YES;
				CLANG_WARN_BLOCK_CAPTURE_AUTORELEASING = YES;
				CLANG_WARN_BOOL_CONVERSION = YES;
				CLANG_WARN_COMMA = YES;
				CLANG_WARN_CONSTANT_CONVERSION = YES;
				CLANG_WARN_DEPRECATED_OBJC_IMPLEMENTATIONS = YES;
				CLANG_WARN_DIRECT_OBJC_ISA_USAGE = YES_ERROR;
				CLANG_WARN_DOCUMENTATION_COMMENTS = YES;
				CLANG_WARN_EMPTY_BODY = YES;
				CLANG_WARN_ENUM_CONVERSION = YES;
				CLANG_WARN_INFINITE_RECURSION = YES;
				CLANG_WARN_INT_CONVERSION = YES;
				CLANG_WARN_NON_LITERAL_NULL_CONVERSION = YES;
				CLANG_WARN_OBJC_IMPLICIT_RETAIN_SELF = YES;
				CLANG_WARN_OBJC_LITERAL_CONVERSION = YES;
				CLANG_WARN_OBJC_ROOT_CLASS = YES_ERROR;
				CLANG_WARN_RANGE_LOOP_ANALYSIS = YES;
				CLANG_WARN_STRICT_PROTOTYPES = YES;
				CLANG_WARN_SUSPICIOUS_MOVE = YES;
				CLANG_WARN_UNGUARDED_AVAILABILITY = YES_AGGRESSIVE;
				CLANG_WARN_UNREACHABLE_CODE = YES;
				CLANG_WARN__DUPLICATE_METHOD_MATCH = YES;
				COPY_PHASE_STRIP = NO;
				DEBUG_INFORMATION_FORMAT = "dwarf-with-dsym";
				ENABLE_NS_ASSERTIONS = NO;
				ENABLE_STRICT_OBJC_MSGSEND = YES;
				GCC_C_LANGUAGE_STANDARD = gnu11;
				GCC_NO_COMMON_BLOCKS = YES;
				GCC_WARN_64_TO_32_BIT_CONVERSION = YES;
				GCC_WARN_ABOUT_RETURN_TYPE = YES_ERROR;
				GCC_WARN_UNDECLARED_SELECTOR = YES;
				GCC_WARN_UNINITIALIZED_AUTOS = YES_AGGRESSIVE;
				GCC_WARN_UNUSED_FUNCTION = YES;
				GCC_WARN_UNUSED_VARIABLE = YES;
				IPHONEOS_DEPLOYMENT_TARGET = 13.6;
				MTL_ENABLE_DEBUG_INFO = NO;
				MTL_FAST_MATH = YES;
				SDKROOT = iphoneos;
				SWIFT_COMPILATION_MODE = wholemodule;
				SWIFT_OPTIMIZATION_LEVEL = "-O";
				VALIDATE_PRODUCT = YES;
			};
			name = Release;
		};
		E76519FA24EAC9FB00357A71 /* Debug */ = {
			isa = XCBuildConfiguration;
			buildSettings = {
				ASSETCATALOG_COMPILER_APPICON_NAME = AppIcon;
				CODE_SIGN_STYLE = Automatic;
				DEVELOPMENT_TEAM = S3P2JPKT5J;
				INFOPLIST_FILE = flightSimulator/Info.plist;
				LD_RUNPATH_SEARCH_PATHS = (
					"$(inherited)",
					"@executable_path/Frameworks",
				);
				PRODUCT_BUNDLE_IDENTIFIER = Kacper.flightSimulator;
				PRODUCT_NAME = "$(TARGET_NAME)";
				SWIFT_VERSION = 5.0;
				TARGETED_DEVICE_FAMILY = "1,2";
			};
			name = Debug;
		};
		E76519FB24EAC9FB00357A71 /* Release */ = {
			isa = XCBuildConfiguration;
			buildSettings = {
				ASSETCATALOG_COMPILER_APPICON_NAME = AppIcon;
				CODE_SIGN_STYLE = Automatic;
				DEVELOPMENT_TEAM = S3P2JPKT5J;
				INFOPLIST_FILE = flightSimulator/Info.plist;
				LD_RUNPATH_SEARCH_PATHS = (
					"$(inherited)",
					"@executable_path/Frameworks",
				);
				PRODUCT_BUNDLE_IDENTIFIER = Kacper.flightSimulator;
				PRODUCT_NAME = "$(TARGET_NAME)";
				SWIFT_VERSION = 5.0;
				TARGETED_DEVICE_FAMILY = "1,2";
			};
			name = Release;
		};
/* End XCBuildConfiguration section */

/* Begin XCConfigurationList section */
		E76519E024EAC9F800357A71 /* Build configuration list for PBXProject "flightSimulator" */ = {
			isa = XCConfigurationList;
			buildConfigurations = (
				E76519F724EAC9FB00357A71 /* Debug */,
				E76519F824EAC9FB00357A71 /* Release */,
			);
			defaultConfigurationIsVisible = 0;
			defaultConfigurationName = Release;
		};
		E76519F924EAC9FB00357A71 /* Build configuration list for PBXNativeTarget "flightSimulator" */ = {
			isa = XCConfigurationList;
			buildConfigurations = (
				E76519FA24EAC9FB00357A71 /* Debug */,
				E76519FB24EAC9FB00357A71 /* Release */,
			);
			defaultConfigurationIsVisible = 0;
			defaultConfigurationName = Release;
		};
/* End XCConfigurationList section */
	};
	rootObject = E76519DD24EAC9F800357A71 /* Project object */;
}
